
Microsoft Visual Studio Solution File, Format Version 12.00
# Visual Studio Version 16
VisualStudioVersion = 16.0.30907.101
MinimumVisualStudioVersion = 10.0.40219.1
Project("{FAE04EC0-301F-11D3-BF4B-00C04F79EFBC}") = "SmartHub", "SmartHub\SmartHub.csproj", "{9761F804-0529-4BC1-AF2B-A403003EF85F}"
EndProject
Global
	GlobalSection(SolutionConfigurationPlatforms) = preSolution
		Debug|Any CPU = Debug|Any CPU
		Release|Any CPU = Release|Any CPU
	EndGlobalSection
	GlobalSection(ProjectConfigurationPlatforms) = postSolution
		{9761F804-0529-4BC1-AF2B-A403003EF85F}.Debug|Any CPU.ActiveCfg = Debug|Any CPU
		{9761F804-0529-4BC1-AF2B-A403003EF85F}.Debug|Any CPU.Build.0 = Debug|Any CPU
		{9761F804-0529-4BC1-AF2B-A403003EF85F}.Release|Any CPU.ActiveCfg = Release|Any CPU
		{9761F804-0529-4BC1-AF2B-A403003EF85F}.Release|Any CPU.Build.0 = Release|Any CPU
	EndGlobalSection
	GlobalSection(SolutionProperties) = preSolution
		HideSolutionNode = FALSE
	EndGlobalSection
	GlobalSection(ExtensibilityGlobals) = postSolution
		SolutionGuid = {E5C8472E-7384-4D06-8995-43E9FFB746D3}
	EndGlobalSection
EndGlobal
